
Microsoft Visual Studio Solution File, Format Version 12.00
# Visual Studio Version 17
VisualStudioVersion = 17.8.34525.116
MinimumVisualStudioVersion = 10.0.40219.1
Project("{8BC9CEB8-8B4A-11D0-8D11-00A0C91BC942}") = "undisputedPatcher", "undisputedPatcher\undisputedPatcher.vcxproj", "{9CCD1C72-D8D6-4884-89AF-E3E94388748B}"
EndProject
Global
	GlobalSection(SolutionConfigurationPlatforms) = preSolution
		Debug|x64 = Debug|x64
		Debug|x86 = Debug|x86
		Release|x64 = Release|x64
		Release|x86 = Release|x86
	EndGlobalSection
	GlobalSection(ProjectConfigurationPlatforms) = postSolution
		{9CCD1C72-D8D6-4884-89AF-E3E94388748B}.Debug|x64.ActiveCfg = Debug|x64
		{9CCD1C72-D8D6-4884-89AF-E3E94388748B}.Debug|x64.Build.0 = Debug|x64
		{9CCD1C72-D8D6-4884-89AF-E3E94388748B}.Debug|x86.ActiveCfg = Debug|Win32
		{9CCD1C72-D8D6-4884-89AF-E3E94388748B}.Debug|x86.Build.0 = Debug|Win32
		{9CCD1C72-D8D6-4884-89AF-E3E94388748B}.Release|x64.ActiveCfg = Release|x64
		{9CCD1C72-D8D6-4884-89AF-E3E94388748B}.Release|x64.Build.0 = Release|x64
		{9CCD1C72-D8D6-4884-89AF-E3E94388748B}.Release|x86.ActiveCfg = Release|Win32
		{9CCD1C72-D8D6-4884-89AF-E3E94388748B}.Release|x86.Build.0 = Release|Win32
	EndGlobalSection
	GlobalSection(SolutionProperties) = preSolution
		HideSolutionNode = FALSE
	EndGlobalSection
	GlobalSection(ExtensibilityGlobals) = postSolution
		SolutionGuid = {C87C4AC6-2F80-43FD-9276-0B561B3B11A1}
	EndGlobalSection
EndGlobal
